
Microsoft Visual Studio Solution File, Format Version 12.00
# Visual Studio 15
VisualStudioVersion = 15.0.28010.2046
MinimumVisualStudioVersion = 10.0.40219.1
Project("{9A19103F-16F7-4668-BE54-9A1E7A4F7556}") = "EchoReader", "EchoReader\EchoReader.csproj", "{86177333-8059-41B9-8425-0B7948686871}"
EndProject
Project("{9A19103F-16F7-4668-BE54-9A1E7A4F7556}") = "ArkSaveEditor", "ArkSaveEditor\ArkSaveEditor.csproj", "{D2B6025E-3A5B-443A-8119-E374B50C35E9}"
EndProject
Project("{9A19103F-16F7-4668-BE54-9A1E7A4F7556}") = "EchoContent", "EchoContent\EchoContent.csproj", "{86F32C4A-1A4F-40CD-92D5-C0B322763654}"
EndProject
Project("{9A19103F-16F7-4668-BE54-9A1E7A4F7556}") = "LibDeltaSystem", "..\LibDeltaSystem\LibDeltaSystem\LibDeltaSystem.csproj", "{0D103BD2-AEFB-4EC2-B1F6-4971E921FD8F}"
EndProject
Project("{9A19103F-16F7-4668-BE54-9A1E7A4F7556}") = "ArkWebMapGatewayClient", "..\ArkWebMap\backend\ArkWebMapGatewayClient\ArkWebMapGatewayClient.csproj", "{94458F5D-DE7D-4D9C-8ED2-6C84F6F024E7}"
EndProject
Global
	GlobalSection(SolutionConfigurationPlatforms) = preSolution
		Debug|Any CPU = Debug|Any CPU
		Release|Any CPU = Release|Any CPU
	EndGlobalSection
	GlobalSection(ProjectConfigurationPlatforms) = postSolution
		{86177333-8059-41B9-8425-0B7948686871}.Debug|Any CPU.ActiveCfg = Debug|Any CPU
		{86177333-8059-41B9-8425-0B7948686871}.Debug|Any CPU.Build.0 = Debug|Any CPU
		{86177333-8059-41B9-8425-0B7948686871}.Release|Any CPU.ActiveCfg = Release|Any CPU
		{86177333-8059-41B9-8425-0B7948686871}.Release|Any CPU.Build.0 = Release|Any CPU
		{D2B6025E-3A5B-443A-8119-E374B50C35E9}.Debug|Any CPU.ActiveCfg = Debug|Any CPU
		{D2B6025E-3A5B-443A-8119-E374B50C35E9}.Debug|Any CPU.Build.0 = Debug|Any CPU
		{D2B6025E-3A5B-443A-8119-E374B50C35E9}.Release|Any CPU.ActiveCfg = Release|Any CPU
		{D2B6025E-3A5B-443A-8119-E374B50C35E9}.Release|Any CPU.Build.0 = Release|Any CPU
		{86F32C4A-1A4F-40CD-92D5-C0B322763654}.Debug|Any CPU.ActiveCfg = Debug|Any CPU
		{86F32C4A-1A4F-40CD-92D5-C0B322763654}.Debug|Any CPU.Build.0 = Debug|Any CPU
		{86F32C4A-1A4F-40CD-92D5-C0B322763654}.Release|Any CPU.ActiveCfg = Release|Any CPU
		{86F32C4A-1A4F-40CD-92D5-C0B322763654}.Release|Any CPU.Build.0 = Release|Any CPU
		{0D103BD2-AEFB-4EC2-B1F6-4971E921FD8F}.Debug|Any CPU.ActiveCfg = Debug|Any CPU
		{0D103BD2-AEFB-4EC2-B1F6-4971E921FD8F}.Debug|Any CPU.Build.0 = Debug|Any CPU
		{0D103BD2-AEFB-4EC2-B1F6-4971E921FD8F}.Release|Any CPU.ActiveCfg = Release|Any CPU
		{0D103BD2-AEFB-4EC2-B1F6-4971E921FD8F}.Release|Any CPU.Build.0 = Release|Any CPU
		{94458F5D-DE7D-4D9C-8ED2-6C84F6F024E7}.Debug|Any CPU.ActiveCfg = Debug|Any CPU
		{94458F5D-DE7D-4D9C-8ED2-6C84F6F024E7}.Debug|Any CPU.Build.0 = Debug|Any CPU
		{94458F5D-DE7D-4D9C-8ED2-6C84F6F024E7}.Release|Any CPU.ActiveCfg = Release|Any CPU
		{94458F5D-DE7D-4D9C-8ED2-6C84F6F024E7}.Release|Any CPU.Build.0 = Release|Any CPU
	EndGlobalSection
	GlobalSection(SolutionProperties) = preSolution
		HideSolutionNode = FALSE
	EndGlobalSection
	GlobalSection(ExtensibilityGlobals) = postSolution
		SolutionGuid = {1B110A62-51B7-4B8F-A967-6A90E5EB22C0}
	EndGlobalSection
EndGlobal
